
Microsoft Visual Studio Solution File, Format Version 12.00
# Visual Studio 15
VisualStudioVersion = 15.0.26730.16
MinimumVisualStudioVersion = 10.0.40219.1
Project("{FAE04EC0-301F-11D3-BF4B-00C04F79EFBC}") = "Vacas locas", "Vacas locas\Vacas locas.csproj", "{75BDF54D-1601-45A7-811B-90A550F7B4AB}"
EndProject
Global
	GlobalSection(SolutionConfigurationPlatforms) = preSolution
		Debug|Any CPU = Debug|Any CPU
		Release|Any CPU = Release|Any CPU
	EndGlobalSection
	GlobalSection(ProjectConfigurationPlatforms) = postSolution
		{75BDF54D-1601-45A7-811B-90A550F7B4AB}.Debug|Any CPU.ActiveCfg = Debug|Any CPU
		{75BDF54D-1601-45A7-811B-90A550F7B4AB}.Debug|Any CPU.Build.0 = Debug|Any CPU
		{75BDF54D-1601-45A7-811B-90A550F7B4AB}.Release|Any CPU.ActiveCfg = Release|Any CPU
		{75BDF54D-1601-45A7-811B-90A550F7B4AB}.Release|Any CPU.Build.0 = Release|Any CPU
	EndGlobalSection
	GlobalSection(SolutionProperties) = preSolution
		HideSolutionNode = FALSE
	EndGlobalSection
	GlobalSection(ExtensibilityGlobals) = postSolution
		SolutionGuid = {E42236B7-9DD0-4C7B-BBC7-2C58BF153B55}
	EndGlobalSection
EndGlobal
